{
    "_meta": {
        "hash": {
            "sha256": "273758efda62151acc90e4226da5e79657e3cdd4554586071b0d71a1eadd42c0"
        },
        "pipfile-spec": 6,
        "requires": {
            "python_version": "3.7"
        },
        "sources": [
            {
                "name": "pypi",
                "url": "https://pypi.org/simple",
                "verify_ssl": true
            }
        ]
    },
    "default": {
        "colorama": {
            "hashes": [
                "sha256:05eed71e2e327246ad6b38c540c4a3117230b19679b875190486ddd2d721422d",
                "sha256:f8ac84de7840f5b9c4e3347b3c1eaa50f7e49c2b07596221daec5edaabbd7c48"
            ],
            "index": "pypi",
            "markers": "os_name == 'nt'",
            "version": "==0.4.1"
        },
        "colorlog": {
            "hashes": [
                "sha256:3cf31b25cbc8f86ec01fef582ef3b840950dea414084ed19ab922c8b493f9b42",
                "sha256:450f52ea2a2b6ebb308f034ea9a9b15cea51e65650593dca1da3eb792e4e4981"
            ],
            "index": "pypi",
            "version": "==4.0.2"
        }
    },
    "develop": {}
}
