[[package]]
name = "colorama"
version = "0.4.3"
description = "Cross-platform colored terminal text."
category = "main"
optional = false
python-versions = ">=2.7, !=3.0.*, !=3.1.*, !=3.2.*, !=3.3.*, !=3.4.*"

[package.source]
type = "legacy"
url = "https://pypi.collmot.com/simple"
reference = "collmot"

[[package]]
name = "colorlog"
version = "4.1.0"
description = "Log formatting with colors!"
category = "main"
optional = false
python-versions = "*"

[package.dependencies]
colorama = {version = "*", markers = "sys_platform == \"win32\""}

[package.source]
type = "legacy"
url = "https://pypi.collmot.com/simple"
reference = "collmot"

[[package]]
name = "hexdump"
version = "3.3"
description = "view/edit your binary with any text editor"
category = "main"
optional = false
python-versions = "*"

[package.source]
type = "legacy"
url = "https://pypi.collmot.com/simple"
reference = "collmot"

[[package]]
name = "python-json-logger"
version = "2.0.1"
description = "A python library adding a json log formatter"
category = "main"
optional = false
python-versions = ">=3.4"

[package.source]
type = "legacy"
url = "https://pypi.collmot.com/simple"
reference = "collmot"

[metadata]
lock-version = "1.1"
python-versions = "^3.7"
content-hash = "9eb40981ef3b56350815fbb201136a24cb691db60ffd7ffe8cd831bc97cb2a00"

[metadata.files]
colorama = [
    {file = "colorama-0.4.3-py2.py3-none-any.whl", hash = "sha256:7d73d2a99753107a36ac6b455ee49046802e59d9d076ef8e47b61499fa29afff"},
    {file = "colorama-0.4.3.tar.gz", hash = "sha256:e96da0d330793e2cb9485e9ddfd918d456036c7149416295932478192f4436a1"},
]
colorlog = [
    {file = "colorlog-4.1.0-py2.py3-none-any.whl", hash = "sha256:732c191ebbe9a353ec160d043d02c64ddef9028de8caae4cfa8bd49b6afed53e"},
    {file = "colorlog-4.1.0.tar.gz", hash = "sha256:30aaef5ab2a1873dec5da38fd6ba568fa761c9fa10b40241027fa3edea47f3d2"},
]
hexdump = [
    {file = "hexdump-3.3.zip", hash = "sha256:d781a43b0c16ace3f9366aade73e8ad3a7bd5137d58f0b45ab2d3f54876f20db"},
]
python-json-logger = [
    {file = "python-json-logger-2.0.1.tar.gz", hash = "sha256:f26eea7898db40609563bed0a7ca11af12e2a79858632706d835a0f961b7d398"},
]
