[[package]]
name = "colorama"
version = "0.4.4"
description = "Cross-platform colored terminal text."
category = "main"
optional = false
python-versions = ">=2.7, !=3.0.*, !=3.1.*, !=3.2.*, !=3.3.*, !=3.4.*"

[package.source]
type = "legacy"
url = "https://pypi.collmot.com/simple"
reference = "collmot"

[[package]]
name = "colorlog"
version = "4.8.0"
description = "Log formatting with colors!"
category = "main"
optional = false
python-versions = "*"

[package.dependencies]
colorama = {version = "*", markers = "sys_platform == \"win32\""}

[package.source]
type = "legacy"
url = "https://pypi.collmot.com/simple"
reference = "collmot"

[[package]]
name = "hexdump"
version = "3.3"
description = "view/edit your binary with any text editor"
category = "main"
optional = false
python-versions = "*"

[package.source]
type = "legacy"
url = "https://pypi.collmot.com/simple"
reference = "collmot"

[[package]]
name = "python-json-logger"
version = "2.0.1"
description = "A python library adding a json log formatter"
category = "main"
optional = false
python-versions = ">=3.4"

[package.source]
type = "legacy"
url = "https://pypi.collmot.com/simple"
reference = "collmot"

[metadata]
lock-version = "1.1"
python-versions = "^3.7"
content-hash = "9eb40981ef3b56350815fbb201136a24cb691db60ffd7ffe8cd831bc97cb2a00"

[metadata.files]
colorama = [
    {file = "colorama-0.4.4-py2.py3-none-any.whl", hash = "sha256:9f47eda37229f68eee03b24b9748937c7dc3868f906e8ba69fbcbdd3bc5dc3e2"},
    {file = "colorama-0.4.4.tar.gz", hash = "sha256:5941b2b48a20143d2267e95b1c2a7603ce057ee39fd88e7329b0c292aa16869b"},
]
colorlog = [
    {file = "colorlog-4.8.0-py2.py3-none-any.whl", hash = "sha256:3dd15cb27e8119a24c1a7b5c93f9f3b455855e0f73993b1c25921b2f646f1dcd"},
    {file = "colorlog-4.8.0.tar.gz", hash = "sha256:59b53160c60902c405cdec28d38356e09d40686659048893e026ecbd589516b1"},
]
hexdump = [
    {file = "hexdump-3.3.zip", hash = "sha256:d781a43b0c16ace3f9366aade73e8ad3a7bd5137d58f0b45ab2d3f54876f20db"},
]
python-json-logger = [
    {file = "python-json-logger-2.0.1.tar.gz", hash = "sha256:f26eea7898db40609563bed0a7ca11af12e2a79858632706d835a0f961b7d398"},
]
