[[package]]
category = "main"
description = "Cross-platform colored terminal text."
marker = "os_name == \"nt\" or sys_platform == \"win32\""
name = "colorama"
optional = false
python-versions = ">=2.7, !=3.0.*, !=3.1.*, !=3.2.*, !=3.3.*, !=3.4.*"
version = "0.4.3"

[[package]]
category = "main"
description = "Log formatting with colors!"
name = "colorlog"
optional = false
python-versions = "*"
version = "4.1.0"

[package.dependencies]
colorama = "*"

[metadata]
content-hash = "bd2d1693c3bf31fc9dab336ac9257d3a4aa86ac76bd10b2578aa4fcf852b1975"
python-versions = "^3.7"

[metadata.files]
colorama = [
    {file = "colorama-0.4.3-py2.py3-none-any.whl", hash = "sha256:7d73d2a99753107a36ac6b455ee49046802e59d9d076ef8e47b61499fa29afff"},
    {file = "colorama-0.4.3.tar.gz", hash = "sha256:e96da0d330793e2cb9485e9ddfd918d456036c7149416295932478192f4436a1"},
]
colorlog = [
    {file = "colorlog-4.1.0-py2.py3-none-any.whl", hash = "sha256:732c191ebbe9a353ec160d043d02c64ddef9028de8caae4cfa8bd49b6afed53e"},
    {file = "colorlog-4.1.0.tar.gz", hash = "sha256:30aaef5ab2a1873dec5da38fd6ba568fa761c9fa10b40241027fa3edea47f3d2"},
]
